{
  "object": {
    "pins": [
      {
        "package": "monki-projects-model",
        "repositoryURL": "https://github.com/MonkiProjects/monki-projects-model-swift.git",
        "state": {
          "branch": "main",
          "revision": "df3cb4d2430a8ec224d7bc7980db7bed39889230",
          "version": null
        }
      }
    ]
  },
  "version": 1
}
