{
  "object": {
    "pins": [
      {
        "package": "monki-projects-model",
        "repositoryURL": "https://github.com/MonkiProjects/monki-projects-model-swift.git",
        "state": {
          "branch": "main",
          "revision": "8f5c1f6aade634a60ee5baf74f56ab98907dd94d",
          "version": null
        }
      }
    ]
  },
  "version": 1
}
