{
  "object": {
    "pins": [
      {
        "package": "monki-projects-model",
        "repositoryURL": "https://github.com/MonkiProjects/monki-projects-model.git",
        "state": {
          "branch": "master",
          "revision": "347403c2f21a35922deda5180bc64d7114d51398",
          "version": null
        }
      }
    ]
  },
  "version": 1
}
